
Microsoft Visual Studio Solution File, Format Version 12.00
# Visual Studio Version 16
VisualStudioVersion = 16.0.30128.74
MinimumVisualStudioVersion = 15.0.26124.0
Project("{9A19103F-16F7-4668-BE54-9A1E7A4F7556}") = "Hoops.Core", "Hoops.Core\Hoops.Core.csproj", "{61E5DAB1-8317-4669-B15A-D1BA990A5BC4}"
EndProject
Project("{9A19103F-16F7-4668-BE54-9A1E7A4F7556}") = "Hoops.Test", "hoops.test\Hoops.Test.csproj", "{1A5DDB2F-E691-428B-AEBA-E0C7138F9707}"
EndProject
Project("{9A19103F-16F7-4668-BE54-9A1E7A4F7556}") = "Hoops.Data", "Hoops.Data\Hoops.Data.csproj", "{9E80087F-BAB4-4D33-9EE6-1D95300C1BAC}"
EndProject
Project("{9A19103F-16F7-4668-BE54-9A1E7A4F7556}") = "hoops.api", "Hoops.Api\hoops.api.csproj", "{7605B864-DBDE-46C1-BA27-02A83D7DE376}"
EndProject
Project("{FAE04EC0-301F-11D3-BF4B-00C04F79EFBC}") = "Hoops.CoreTests", "Hoops.CoreTests\Hoops.CoreTests.csproj", "{4AE1EB38-798F-449A-9164-D1877C4869BB}"
EndProject
Project("{FAE04EC0-301F-11D3-BF4B-00C04F79EFBC}") = "testHoops", "testHoops\testHoops.csproj", "{525C9BAC-6C80-48DB-BAA9-B6B31E070B2F}"
EndProject
Project("{FAE04EC0-301F-11D3-BF4B-00C04F79EFBC}") = "Hoops1.Test", "Hoops1.Test\Hoops1.Test.csproj", "{87A780E9-892F-4778-85FF-1B4F0DE36BD3}"
EndProject
Global
	GlobalSection(SolutionConfigurationPlatforms) = preSolution
		Debug|Any CPU = Debug|Any CPU
		Debug|x64 = Debug|x64
		Debug|x86 = Debug|x86
		Release|Any CPU = Release|Any CPU
		Release|x64 = Release|x64
		Release|x86 = Release|x86
	EndGlobalSection
	GlobalSection(ProjectConfigurationPlatforms) = postSolution
		{61E5DAB1-8317-4669-B15A-D1BA990A5BC4}.Debug|Any CPU.ActiveCfg = Debug|Any CPU
		{61E5DAB1-8317-4669-B15A-D1BA990A5BC4}.Debug|Any CPU.Build.0 = Debug|Any CPU
		{61E5DAB1-8317-4669-B15A-D1BA990A5BC4}.Debug|x64.ActiveCfg = Debug|Any CPU
		{61E5DAB1-8317-4669-B15A-D1BA990A5BC4}.Debug|x64.Build.0 = Debug|Any CPU
		{61E5DAB1-8317-4669-B15A-D1BA990A5BC4}.Debug|x86.ActiveCfg = Debug|Any CPU
		{61E5DAB1-8317-4669-B15A-D1BA990A5BC4}.Debug|x86.Build.0 = Debug|Any CPU
		{61E5DAB1-8317-4669-B15A-D1BA990A5BC4}.Release|Any CPU.ActiveCfg = Release|Any CPU
		{61E5DAB1-8317-4669-B15A-D1BA990A5BC4}.Release|Any CPU.Build.0 = Release|Any CPU
		{61E5DAB1-8317-4669-B15A-D1BA990A5BC4}.Release|x64.ActiveCfg = Release|Any CPU
		{61E5DAB1-8317-4669-B15A-D1BA990A5BC4}.Release|x64.Build.0 = Release|Any CPU
		{61E5DAB1-8317-4669-B15A-D1BA990A5BC4}.Release|x86.ActiveCfg = Release|Any CPU
		{61E5DAB1-8317-4669-B15A-D1BA990A5BC4}.Release|x86.Build.0 = Release|Any CPU
		{1A5DDB2F-E691-428B-AEBA-E0C7138F9707}.Debug|Any CPU.ActiveCfg = Debug|Any CPU
		{1A5DDB2F-E691-428B-AEBA-E0C7138F9707}.Debug|Any CPU.Build.0 = Debug|Any CPU
		{1A5DDB2F-E691-428B-AEBA-E0C7138F9707}.Debug|x64.ActiveCfg = Debug|Any CPU
		{1A5DDB2F-E691-428B-AEBA-E0C7138F9707}.Debug|x64.Build.0 = Debug|Any CPU
		{1A5DDB2F-E691-428B-AEBA-E0C7138F9707}.Debug|x86.ActiveCfg = Debug|Any CPU
		{1A5DDB2F-E691-428B-AEBA-E0C7138F9707}.Debug|x86.Build.0 = Debug|Any CPU
		{1A5DDB2F-E691-428B-AEBA-E0C7138F9707}.Release|Any CPU.ActiveCfg = Release|Any CPU
		{1A5DDB2F-E691-428B-AEBA-E0C7138F9707}.Release|Any CPU.Build.0 = Release|Any CPU
		{1A5DDB2F-E691-428B-AEBA-E0C7138F9707}.Release|x64.ActiveCfg = Release|Any CPU
		{1A5DDB2F-E691-428B-AEBA-E0C7138F9707}.Release|x64.Build.0 = Release|Any CPU
		{1A5DDB2F-E691-428B-AEBA-E0C7138F9707}.Release|x86.ActiveCfg = Release|Any CPU
		{1A5DDB2F-E691-428B-AEBA-E0C7138F9707}.Release|x86.Build.0 = Release|Any CPU
		{9E80087F-BAB4-4D33-9EE6-1D95300C1BAC}.Debug|Any CPU.ActiveCfg = Debug|Any CPU
		{9E80087F-BAB4-4D33-9EE6-1D95300C1BAC}.Debug|Any CPU.Build.0 = Debug|Any CPU
		{9E80087F-BAB4-4D33-9EE6-1D95300C1BAC}.Debug|x64.ActiveCfg = Debug|Any CPU
		{9E80087F-BAB4-4D33-9EE6-1D95300C1BAC}.Debug|x64.Build.0 = Debug|Any CPU
		{9E80087F-BAB4-4D33-9EE6-1D95300C1BAC}.Debug|x86.ActiveCfg = Debug|Any CPU
		{9E80087F-BAB4-4D33-9EE6-1D95300C1BAC}.Debug|x86.Build.0 = Debug|Any CPU
		{9E80087F-BAB4-4D33-9EE6-1D95300C1BAC}.Release|Any CPU.ActiveCfg = Release|Any CPU
		{9E80087F-BAB4-4D33-9EE6-1D95300C1BAC}.Release|Any CPU.Build.0 = Release|Any CPU
		{9E80087F-BAB4-4D33-9EE6-1D95300C1BAC}.Release|x64.ActiveCfg = Release|Any CPU
		{9E80087F-BAB4-4D33-9EE6-1D95300C1BAC}.Release|x64.Build.0 = Release|Any CPU
		{9E80087F-BAB4-4D33-9EE6-1D95300C1BAC}.Release|x86.ActiveCfg = Release|Any CPU
		{9E80087F-BAB4-4D33-9EE6-1D95300C1BAC}.Release|x86.Build.0 = Release|Any CPU
		{7605B864-DBDE-46C1-BA27-02A83D7DE376}.Debug|Any CPU.ActiveCfg = Debug|Any CPU
		{7605B864-DBDE-46C1-BA27-02A83D7DE376}.Debug|Any CPU.Build.0 = Debug|Any CPU
		{7605B864-DBDE-46C1-BA27-02A83D7DE376}.Debug|x64.ActiveCfg = Debug|Any CPU
		{7605B864-DBDE-46C1-BA27-02A83D7DE376}.Debug|x64.Build.0 = Debug|Any CPU
		{7605B864-DBDE-46C1-BA27-02A83D7DE376}.Debug|x86.ActiveCfg = Debug|Any CPU
		{7605B864-DBDE-46C1-BA27-02A83D7DE376}.Debug|x86.Build.0 = Debug|Any CPU
		{7605B864-DBDE-46C1-BA27-02A83D7DE376}.Release|Any CPU.ActiveCfg = Release|Any CPU
		{7605B864-DBDE-46C1-BA27-02A83D7DE376}.Release|Any CPU.Build.0 = Release|Any CPU
		{7605B864-DBDE-46C1-BA27-02A83D7DE376}.Release|x64.ActiveCfg = Release|Any CPU
		{7605B864-DBDE-46C1-BA27-02A83D7DE376}.Release|x64.Build.0 = Release|Any CPU
		{7605B864-DBDE-46C1-BA27-02A83D7DE376}.Release|x86.ActiveCfg = Release|Any CPU
		{7605B864-DBDE-46C1-BA27-02A83D7DE376}.Release|x86.Build.0 = Release|Any CPU
		{4AE1EB38-798F-449A-9164-D1877C4869BB}.Debug|Any CPU.ActiveCfg = Debug|Any CPU
		{4AE1EB38-798F-449A-9164-D1877C4869BB}.Debug|Any CPU.Build.0 = Debug|Any CPU
		{4AE1EB38-798F-449A-9164-D1877C4869BB}.Debug|x64.ActiveCfg = Debug|Any CPU
		{4AE1EB38-798F-449A-9164-D1877C4869BB}.Debug|x64.Build.0 = Debug|Any CPU
		{4AE1EB38-798F-449A-9164-D1877C4869BB}.Debug|x86.ActiveCfg = Debug|Any CPU
		{4AE1EB38-798F-449A-9164-D1877C4869BB}.Debug|x86.Build.0 = Debug|Any CPU
		{4AE1EB38-798F-449A-9164-D1877C4869BB}.Release|Any CPU.ActiveCfg = Release|Any CPU
		{4AE1EB38-798F-449A-9164-D1877C4869BB}.Release|Any CPU.Build.0 = Release|Any CPU
		{4AE1EB38-798F-449A-9164-D1877C4869BB}.Release|x64.ActiveCfg = Release|Any CPU
		{4AE1EB38-798F-449A-9164-D1877C4869BB}.Release|x64.Build.0 = Release|Any CPU
		{4AE1EB38-798F-449A-9164-D1877C4869BB}.Release|x86.ActiveCfg = Release|Any CPU
		{4AE1EB38-798F-449A-9164-D1877C4869BB}.Release|x86.Build.0 = Release|Any CPU
		{525C9BAC-6C80-48DB-BAA9-B6B31E070B2F}.Debug|Any CPU.ActiveCfg = Debug|Any CPU
		{525C9BAC-6C80-48DB-BAA9-B6B31E070B2F}.Debug|Any CPU.Build.0 = Debug|Any CPU
		{525C9BAC-6C80-48DB-BAA9-B6B31E070B2F}.Debug|x64.ActiveCfg = Debug|Any CPU
		{525C9BAC-6C80-48DB-BAA9-B6B31E070B2F}.Debug|x64.Build.0 = Debug|Any CPU
		{525C9BAC-6C80-48DB-BAA9-B6B31E070B2F}.Debug|x86.ActiveCfg = Debug|Any CPU
		{525C9BAC-6C80-48DB-BAA9-B6B31E070B2F}.Debug|x86.Build.0 = Debug|Any CPU
		{525C9BAC-6C80-48DB-BAA9-B6B31E070B2F}.Release|Any CPU.ActiveCfg = Release|Any CPU
		{525C9BAC-6C80-48DB-BAA9-B6B31E070B2F}.Release|Any CPU.Build.0 = Release|Any CPU
		{525C9BAC-6C80-48DB-BAA9-B6B31E070B2F}.Release|x64.ActiveCfg = Release|Any CPU
		{525C9BAC-6C80-48DB-BAA9-B6B31E070B2F}.Release|x64.Build.0 = Release|Any CPU
		{525C9BAC-6C80-48DB-BAA9-B6B31E070B2F}.Release|x86.ActiveCfg = Release|Any CPU
		{525C9BAC-6C80-48DB-BAA9-B6B31E070B2F}.Release|x86.Build.0 = Release|Any CPU
		{87A780E9-892F-4778-85FF-1B4F0DE36BD3}.Debug|Any CPU.ActiveCfg = Debug|Any CPU
		{87A780E9-892F-4778-85FF-1B4F0DE36BD3}.Debug|Any CPU.Build.0 = Debug|Any CPU
		{87A780E9-892F-4778-85FF-1B4F0DE36BD3}.Debug|x64.ActiveCfg = Debug|Any CPU
		{87A780E9-892F-4778-85FF-1B4F0DE36BD3}.Debug|x64.Build.0 = Debug|Any CPU
		{87A780E9-892F-4778-85FF-1B4F0DE36BD3}.Debug|x86.ActiveCfg = Debug|Any CPU
		{87A780E9-892F-4778-85FF-1B4F0DE36BD3}.Debug|x86.Build.0 = Debug|Any CPU
		{87A780E9-892F-4778-85FF-1B4F0DE36BD3}.Release|Any CPU.ActiveCfg = Release|Any CPU
		{87A780E9-892F-4778-85FF-1B4F0DE36BD3}.Release|Any CPU.Build.0 = Release|Any CPU
		{87A780E9-892F-4778-85FF-1B4F0DE36BD3}.Release|x64.ActiveCfg = Release|Any CPU
		{87A780E9-892F-4778-85FF-1B4F0DE36BD3}.Release|x64.Build.0 = Release|Any CPU
		{87A780E9-892F-4778-85FF-1B4F0DE36BD3}.Release|x86.ActiveCfg = Release|Any CPU
		{87A780E9-892F-4778-85FF-1B4F0DE36BD3}.Release|x86.Build.0 = Release|Any CPU
	EndGlobalSection
	GlobalSection(SolutionProperties) = preSolution
		HideSolutionNode = FALSE
	EndGlobalSection
	GlobalSection(ExtensibilityGlobals) = postSolution
		SolutionGuid = {75B404FA-469B-4154-9404-B627F5FB9CB8}
	EndGlobalSection
EndGlobal
